
Microsoft Visual Studio Solution File, Format Version 12.00
# Visual Studio Version 17
VisualStudioVersion = 17.5.33414.496
MinimumVisualStudioVersion = 10.0.40219.1
Project("{9A19103F-16F7-4668-BE54-9A1E7A4F7556}") = "API", "API\API.csproj", "{EB491D81-0193-4D50-BAA2-38020C1B55AD}"
EndProject
Global
	GlobalSection(SolutionConfigurationPlatforms) = preSolution
		Debug|Any CPU = Debug|Any CPU
		Release|Any CPU = Release|Any CPU
	EndGlobalSection
	GlobalSection(ProjectConfigurationPlatforms) = postSolution
		{EB491D81-0193-4D50-BAA2-38020C1B55AD}.Debug|Any CPU.ActiveCfg = Debug|Any CPU
		{EB491D81-0193-4D50-BAA2-38020C1B55AD}.Debug|Any CPU.Build.0 = Debug|Any CPU
		{EB491D81-0193-4D50-BAA2-38020C1B55AD}.Release|Any CPU.ActiveCfg = Release|Any CPU
		{EB491D81-0193-4D50-BAA2-38020C1B55AD}.Release|Any CPU.Build.0 = Release|Any CPU
	EndGlobalSection
	GlobalSection(SolutionProperties) = preSolution
		HideSolutionNode = FALSE
	EndGlobalSection
	GlobalSection(ExtensibilityGlobals) = postSolution
		SolutionGuid = {A8C9F4B1-5888-4A8D-B0B8-214537D51EE2}
	EndGlobalSection
EndGlobal
