
Microsoft Visual Studio Solution File, Format Version 12.00
# Visual Studio Version 17
VisualStudioVersion = 17.5.33414.496
MinimumVisualStudioVersion = 10.0.40219.1
Project("{FAE04EC0-301F-11D3-BF4B-00C04F79EFBC}") = "AppFunctions", "AppFunctions\AppFunctions.csproj", "{21BF8D70-626C-48CB-9A22-F21C2BE3F7D8}"
EndProject
Global
	GlobalSection(SolutionConfigurationPlatforms) = preSolution
		Debug|Any CPU = Debug|Any CPU
		Release|Any CPU = Release|Any CPU
	EndGlobalSection
	GlobalSection(ProjectConfigurationPlatforms) = postSolution
		{21BF8D70-626C-48CB-9A22-F21C2BE3F7D8}.Debug|Any CPU.ActiveCfg = Debug|Any CPU
		{21BF8D70-626C-48CB-9A22-F21C2BE3F7D8}.Debug|Any CPU.Build.0 = Debug|Any CPU
		{21BF8D70-626C-48CB-9A22-F21C2BE3F7D8}.Release|Any CPU.ActiveCfg = Release|Any CPU
		{21BF8D70-626C-48CB-9A22-F21C2BE3F7D8}.Release|Any CPU.Build.0 = Release|Any CPU
	EndGlobalSection
	GlobalSection(SolutionProperties) = preSolution
		HideSolutionNode = FALSE
	EndGlobalSection
	GlobalSection(ExtensibilityGlobals) = postSolution
		SolutionGuid = {C4DEC253-D53C-4892-90EF-D5D069D9DE3A}
	EndGlobalSection
EndGlobal
